
Microsoft Visual Studio Solution File, Format Version 12.00
# Visual Studio Version 17
VisualStudioVersion = 17.0.31903.59
MinimumVisualStudioVersion = 10.0.40219.1
Project("{FAE04EC0-301F-11D3-BF4B-00C04F79EFBC}") = "core.api", "core.api\core.api.csproj", "{B8FB2EA6-BC78-48B3-A1E9-FC847D7332E1}"
EndProject
Project("{FAE04EC0-301F-11D3-BF4B-00C04F79EFBC}") = "core.lib", "core.lib\core.lib.csproj", "{52F18709-2B91-4593-9A59-5B1FD0D6652B}"
EndProject
Project("{FAE04EC0-301F-11D3-BF4B-00C04F79EFBC}") = "core.tests", "core.tests\core.tests.csproj", "{0A868468-78FE-46B0-90FA-BB23B034B712}"
EndProject
Global
	GlobalSection(SolutionConfigurationPlatforms) = preSolution
		Debug|Any CPU = Debug|Any CPU
		Release|Any CPU = Release|Any CPU
	EndGlobalSection
	GlobalSection(SolutionProperties) = preSolution
		HideSolutionNode = FALSE
	EndGlobalSection
	GlobalSection(ProjectConfigurationPlatforms) = postSolution
		{B8FB2EA6-BC78-48B3-A1E9-FC847D7332E1}.Debug|Any CPU.ActiveCfg = Debug|Any CPU
		{B8FB2EA6-BC78-48B3-A1E9-FC847D7332E1}.Debug|Any CPU.Build.0 = Debug|Any CPU
		{B8FB2EA6-BC78-48B3-A1E9-FC847D7332E1}.Release|Any CPU.ActiveCfg = Release|Any CPU
		{B8FB2EA6-BC78-48B3-A1E9-FC847D7332E1}.Release|Any CPU.Build.0 = Release|Any CPU
		{52F18709-2B91-4593-9A59-5B1FD0D6652B}.Debug|Any CPU.ActiveCfg = Debug|Any CPU
		{52F18709-2B91-4593-9A59-5B1FD0D6652B}.Debug|Any CPU.Build.0 = Debug|Any CPU
		{52F18709-2B91-4593-9A59-5B1FD0D6652B}.Release|Any CPU.ActiveCfg = Release|Any CPU
		{52F18709-2B91-4593-9A59-5B1FD0D6652B}.Release|Any CPU.Build.0 = Release|Any CPU
		{0A868468-78FE-46B0-90FA-BB23B034B712}.Debug|Any CPU.ActiveCfg = Debug|Any CPU
		{0A868468-78FE-46B0-90FA-BB23B034B712}.Debug|Any CPU.Build.0 = Debug|Any CPU
		{0A868468-78FE-46B0-90FA-BB23B034B712}.Release|Any CPU.ActiveCfg = Release|Any CPU
		{0A868468-78FE-46B0-90FA-BB23B034B712}.Release|Any CPU.Build.0 = Release|Any CPU
	EndGlobalSection
EndGlobal
